
Microsoft Visual Studio Solution File, Format Version 12.00
# Visual Studio Version 16
VisualStudioVersion = 16.0.32002.261
MinimumVisualStudioVersion = 10.0.40219.1
Project("{FAE04EC0-301F-11D3-BF4B-00C04F79EFBC}") = "ООП_Инд_задание", "ООП_Инд_задание\ООП_Инд_задание.csproj", "{B76A7C7A-C7DE-4DEE-886F-2F5168A2C92B}"
EndProject
Global
	GlobalSection(SolutionConfigurationPlatforms) = preSolution
		Debug|Any CPU = Debug|Any CPU
		Release|Any CPU = Release|Any CPU
	EndGlobalSection
	GlobalSection(ProjectConfigurationPlatforms) = postSolution
		{B76A7C7A-C7DE-4DEE-886F-2F5168A2C92B}.Debug|Any CPU.ActiveCfg = Debug|Any CPU
		{B76A7C7A-C7DE-4DEE-886F-2F5168A2C92B}.Debug|Any CPU.Build.0 = Debug|Any CPU
		{B76A7C7A-C7DE-4DEE-886F-2F5168A2C92B}.Release|Any CPU.ActiveCfg = Release|Any CPU
		{B76A7C7A-C7DE-4DEE-886F-2F5168A2C92B}.Release|Any CPU.Build.0 = Release|Any CPU
	EndGlobalSection
	GlobalSection(SolutionProperties) = preSolution
		HideSolutionNode = FALSE
	EndGlobalSection
	GlobalSection(ExtensibilityGlobals) = postSolution
		SolutionGuid = {42FD3568-83F1-483B-8041-A1937EAD8AB3}
	EndGlobalSection
EndGlobal
